dependencies:
- name: prometheus-pushgateway
  repository: https://prometheus-community.github.io/helm-charts
  version: 2.17.0
- name: seaweedfs
  repository: https://seaweedfs.github.io/seaweedfs/helm
  version: 4.46.0
digest: sha256:baecc758bf201d062468439ee674617b1b9f82e5a7a4722331cadcd975d1063c
generated: "2026-09-14T23:07:52.391822871-03:00"
