dependencies:
- name: valkey
  repository: oci://registry-1.docker.io/cloudpirates
  version: 0.17.0
- name: prometheus-pushgateway
  repository: https://prometheus-community.github.io/helm-charts
  version: 2.17.0
digest: sha256:ffa6da2c3f390566e6617551ab75b39a6a3e04fe728077d9b7e4d64c39f30e53
generated: "2026-09-05T19:39:51.04295588-03:00"
